
Microsoft Visual Studio Solution File, Format Version 12.00
# Visual Studio Version 16
VisualStudioVersion = 16.0.30114.105
MinimumVisualStudioVersion = 10.0.40219.1
Project("{FAE04EC0-301F-11D3-BF4B-00C04F79EFBC}") = "MiniAPI", "miniapi\MiniAPI.csproj", "{52A470D8-0EA0-48D6-88A4-F5657AE17907}"
EndProject
Project("{FAE04EC0-301F-11D3-BF4B-00C04F79EFBC}") = "Testes", "testes\Testes.csproj", "{8F9D2561-C2C0-40F2-8E1B-BFAA69D7C2F6}"
EndProject
Global
	GlobalSection(SolutionConfigurationPlatforms) = preSolution
		Debug|Any CPU = Debug|Any CPU
		Release|Any CPU = Release|Any CPU
	EndGlobalSection
	GlobalSection(SolutionProperties) = preSolution
		HideSolutionNode = FALSE
	EndGlobalSection
	GlobalSection(ProjectConfigurationPlatforms) = postSolution
		{52A470D8-0EA0-48D6-88A4-F5657AE17907}.Debug|Any CPU.ActiveCfg = Debug|Any CPU
		{52A470D8-0EA0-48D6-88A4-F5657AE17907}.Debug|Any CPU.Build.0 = Debug|Any CPU
		{52A470D8-0EA0-48D6-88A4-F5657AE17907}.Release|Any CPU.ActiveCfg = Release|Any CPU
		{52A470D8-0EA0-48D6-88A4-F5657AE17907}.Release|Any CPU.Build.0 = Release|Any CPU
		{8F9D2561-C2C0-40F2-8E1B-BFAA69D7C2F6}.Debug|Any CPU.ActiveCfg = Debug|Any CPU
		{8F9D2561-C2C0-40F2-8E1B-BFAA69D7C2F6}.Debug|Any CPU.Build.0 = Debug|Any CPU
		{8F9D2561-C2C0-40F2-8E1B-BFAA69D7C2F6}.Release|Any CPU.ActiveCfg = Release|Any CPU
		{8F9D2561-C2C0-40F2-8E1B-BFAA69D7C2F6}.Release|Any CPU.Build.0 = Release|Any CPU
	EndGlobalSection
EndGlobal
